uuid: c9dcb1f4-3400-4244-a343-55278c7a26c7
langcode: en
status: true
dependencies:
  content:
    - 'block_content:basic:4bce13e2-2841-4170-bd74-653145d59ef1'
  module:
    - block_content
  theme:
    - icecrea_theme
id: icecrea_theme_acustomblock
theme: icecrea_theme
region: sidebar_first
weight: 0
provider: null
plugin: 'block_content:4bce13e2-2841-4170-bd74-653145d59ef1'
settings:
  id: 'block_content:4bce13e2-2841-4170-bd74-653145d59ef1'
  label: 'a custom block'
  label_display: visible
  provider: block_content
  status: true
  info: ''
  view_mode: full
visibility: {  }
